
Microsoft Visual Studio Solution File, Format Version 12.00
# Visual Studio Version 16
VisualStudioVersion = 16.0.30225.117
MinimumVisualStudioVersion = 10.0.40219.1
Project("{FAE04EC0-301F-11D3-BF4B-00C04F79EFBC}") = "Studying", "Studying\Studying.csproj", "{8F6665B3-8E6F-4F75-A484-32C3E8232AC7}"
EndProject
Project("{FAE04EC0-301F-11D3-BF4B-00C04F79EFBC}") = "Design Patterns", "Design Patterns\Design Patterns.csproj", "{8D95A770-E5A9-434C-8A7F-DE48D52DB8F6}"
EndProject
Global
	GlobalSection(SolutionConfigurationPlatforms) = preSolution
		Debug|Any CPU = Debug|Any CPU
		Release|Any CPU = Release|Any CPU
	EndGlobalSection
	GlobalSection(ProjectConfigurationPlatforms) = postSolution
		{8F6665B3-8E6F-4F75-A484-32C3E8232AC7}.Debug|Any CPU.ActiveCfg = Debug|Any CPU
		{8F6665B3-8E6F-4F75-A484-32C3E8232AC7}.Debug|Any CPU.Build.0 = Debug|Any CPU
		{8F6665B3-8E6F-4F75-A484-32C3E8232AC7}.Release|Any CPU.ActiveCfg = Release|Any CPU
		{8F6665B3-8E6F-4F75-A484-32C3E8232AC7}.Release|Any CPU.Build.0 = Release|Any CPU
		{8D95A770-E5A9-434C-8A7F-DE48D52DB8F6}.Debug|Any CPU.ActiveCfg = Debug|Any CPU
		{8D95A770-E5A9-434C-8A7F-DE48D52DB8F6}.Debug|Any CPU.Build.0 = Debug|Any CPU
		{8D95A770-E5A9-434C-8A7F-DE48D52DB8F6}.Release|Any CPU.ActiveCfg = Release|Any CPU
		{8D95A770-E5A9-434C-8A7F-DE48D52DB8F6}.Release|Any CPU.Build.0 = Release|Any CPU
	EndGlobalSection
	GlobalSection(SolutionProperties) = preSolution
		HideSolutionNode = FALSE
	EndGlobalSection
	GlobalSection(ExtensibilityGlobals) = postSolution
		SolutionGuid = {EA11FB20-DF3F-4E82-8C5A-70AB095A229E}
	EndGlobalSection
EndGlobal
